
Microsoft Visual Studio Solution File, Format Version 12.00
# Visual Studio Version 17
VisualStudioVersion = 17.2.32630.192
MinimumVisualStudioVersion = 10.0.40219.1
Project("{2150E333-8FDC-42A3-9474-1A3956D46DE8}") = "FrontEnd", "FrontEnd", "{8A3FEED4-9F43-44DC-9F30-DFD20B091DD3}"
EndProject
Project("{2150E333-8FDC-42A3-9474-1A3956D46DE8}") = "Services", "Services", "{2E530323-8B10-4B2D-88BD-92B6ECCD8E89}"
EndProject
Project("{FAE04EC0-301F-11D3-BF4B-00C04F79EFBC}") = "GeekShopping.Web", "GeekShopping.Web\GeekShopping.Web.csproj", "{5FAEE75D-1E44-46BD-9D5F-859D2823AB3B}"
EndProject
Project("{FAE04EC0-301F-11D3-BF4B-00C04F79EFBC}") = "GeekShopping.ProductAPI", "GeekShopping.ProductAPI\GeekShopping.ProductAPI.csproj", "{7ECC03CC-1817-461A-AEC0-9B79297D2688}"
EndProject
Global
	GlobalSection(SolutionConfigurationPlatforms) = preSolution
		Debug|Any CPU = Debug|Any CPU
		Release|Any CPU = Release|Any CPU
	EndGlobalSection
	GlobalSection(ProjectConfigurationPlatforms) = postSolution
		{5FAEE75D-1E44-46BD-9D5F-859D2823AB3B}.Debug|Any CPU.ActiveCfg = Debug|Any CPU
		{5FAEE75D-1E44-46BD-9D5F-859D2823AB3B}.Debug|Any CPU.Build.0 = Debug|Any CPU
		{5FAEE75D-1E44-46BD-9D5F-859D2823AB3B}.Release|Any CPU.ActiveCfg = Release|Any CPU
		{5FAEE75D-1E44-46BD-9D5F-859D2823AB3B}.Release|Any CPU.Build.0 = Release|Any CPU
		{7ECC03CC-1817-461A-AEC0-9B79297D2688}.Debug|Any CPU.ActiveCfg = Debug|Any CPU
		{7ECC03CC-1817-461A-AEC0-9B79297D2688}.Debug|Any CPU.Build.0 = Debug|Any CPU
		{7ECC03CC-1817-461A-AEC0-9B79297D2688}.Release|Any CPU.ActiveCfg = Release|Any CPU
		{7ECC03CC-1817-461A-AEC0-9B79297D2688}.Release|Any CPU.Build.0 = Release|Any CPU
	EndGlobalSection
	GlobalSection(SolutionProperties) = preSolution
		HideSolutionNode = FALSE
	EndGlobalSection
	GlobalSection(NestedProjects) = preSolution
		{5FAEE75D-1E44-46BD-9D5F-859D2823AB3B} = {8A3FEED4-9F43-44DC-9F30-DFD20B091DD3}
		{7ECC03CC-1817-461A-AEC0-9B79297D2688} = {2E530323-8B10-4B2D-88BD-92B6ECCD8E89}
	EndGlobalSection
	GlobalSection(ExtensibilityGlobals) = postSolution
		SolutionGuid = {E63103FF-1B7C-4753-8178-A3685E5D7F40}
	EndGlobalSection
EndGlobal
